
Microsoft Visual Studio Solution File, Format Version 12.00
# Visual Studio Version 17
VisualStudioVersion = 17.11.35327.3
MinimumVisualStudioVersion = 10.0.40219.1
Project("{FAE04EC0-301F-11D3-BF4B-00C04F79EFBC}") = "LinTechPOS", "LinTechPOS\LinTechPOS.csproj", "{6BC0EBB4-97AB-4B90-B0DA-0CC2960C93E4}"
EndProject
Global
	GlobalSection(SolutionConfigurationPlatforms) = preSolution
		Debug|Any CPU = Debug|Any CPU
		Release|Any CPU = Release|Any CPU
	EndGlobalSection
	GlobalSection(ProjectConfigurationPlatforms) = postSolution
		{6BC0EBB4-97AB-4B90-B0DA-0CC2960C93E4}.Debug|Any CPU.ActiveCfg = Debug|Any CPU
		{6BC0EBB4-97AB-4B90-B0DA-0CC2960C93E4}.Debug|Any CPU.Build.0 = Debug|Any CPU
		{6BC0EBB4-97AB-4B90-B0DA-0CC2960C93E4}.Release|Any CPU.ActiveCfg = Release|Any CPU
		{6BC0EBB4-97AB-4B90-B0DA-0CC2960C93E4}.Release|Any CPU.Build.0 = Release|Any CPU
	EndGlobalSection
	GlobalSection(SolutionProperties) = preSolution
		HideSolutionNode = FALSE
	EndGlobalSection
	GlobalSection(ExtensibilityGlobals) = postSolution
		SolutionGuid = {EDC5927C-1A35-4E8B-B713-65638BA22699}
	EndGlobalSection
EndGlobal
